
Microsoft Visual Studio Solution File, Format Version 12.00
# Visual Studio Version 16
VisualStudioVersion = 16.0.29613.14
MinimumVisualStudioVersion = 10.0.40219.1
Project("{9A19103F-16F7-4668-BE54-9A1E7A4F7556}") = "Repository", "Repository\Repository.csproj", "{14D8C2E4-4FB3-430E-B4F8-F74182BE3C0E}"
EndProject
Project("{9A19103F-16F7-4668-BE54-9A1E7A4F7556}") = "Repository.Contracts", "Repository.Contracts\Repository.Contracts.csproj", "{7B8C1815-0105-4606-AC1B-1481355450E7}"
EndProject
Project("{FAE04EC0-301F-11D3-BF4B-00C04F79EFBC}") = "MongoRepository", "MongoRepository\MongoRepository.csproj", "{C39E7058-2DBF-4AD9-BDE5-3CAC541D71A6}"
EndProject
Global
	GlobalSection(SolutionConfigurationPlatforms) = preSolution
		Debug|Any CPU = Debug|Any CPU
		Release|Any CPU = Release|Any CPU
	EndGlobalSection
	GlobalSection(ProjectConfigurationPlatforms) = postSolution
		{14D8C2E4-4FB3-430E-B4F8-F74182BE3C0E}.Debug|Any CPU.ActiveCfg = Debug|Any CPU
		{14D8C2E4-4FB3-430E-B4F8-F74182BE3C0E}.Debug|Any CPU.Build.0 = Debug|Any CPU
		{14D8C2E4-4FB3-430E-B4F8-F74182BE3C0E}.Release|Any CPU.ActiveCfg = Release|Any CPU
		{14D8C2E4-4FB3-430E-B4F8-F74182BE3C0E}.Release|Any CPU.Build.0 = Release|Any CPU
		{7B8C1815-0105-4606-AC1B-1481355450E7}.Debug|Any CPU.ActiveCfg = Debug|Any CPU
		{7B8C1815-0105-4606-AC1B-1481355450E7}.Debug|Any CPU.Build.0 = Debug|Any CPU
		{7B8C1815-0105-4606-AC1B-1481355450E7}.Release|Any CPU.ActiveCfg = Release|Any CPU
		{7B8C1815-0105-4606-AC1B-1481355450E7}.Release|Any CPU.Build.0 = Release|Any CPU
		{C39E7058-2DBF-4AD9-BDE5-3CAC541D71A6}.Debug|Any CPU.ActiveCfg = Debug|Any CPU
		{C39E7058-2DBF-4AD9-BDE5-3CAC541D71A6}.Debug|Any CPU.Build.0 = Debug|Any CPU
		{C39E7058-2DBF-4AD9-BDE5-3CAC541D71A6}.Release|Any CPU.ActiveCfg = Release|Any CPU
		{C39E7058-2DBF-4AD9-BDE5-3CAC541D71A6}.Release|Any CPU.Build.0 = Release|Any CPU
	EndGlobalSection
	GlobalSection(SolutionProperties) = preSolution
		HideSolutionNode = FALSE
	EndGlobalSection
	GlobalSection(ExtensibilityGlobals) = postSolution
		SolutionGuid = {E365D72B-1FC7-42B2-9DC3-DD882E1C906A}
	EndGlobalSection
EndGlobal
